
Microsoft Visual Studio Solution File, Format Version 12.00
Project("{FAE04EC0-301F-11D3-BF4B-00C04F79EFBC}") = "WeatherApi", "WeatherApi\WeatherApi.csproj", "{11F2CB12-0C25-423A-AC59-14085F265747}"
EndProject
Project("{2150E333-8FDC-42A3-9474-1A3956D46DE8}") = "1-Presentation", "1-Presentation", "{559B0B9C-109B-4B30-8FAA-F80C46D032FC}"
EndProject
Project("{2150E333-8FDC-42A3-9474-1A3956D46DE8}") = "2-Shared", "2-Shared", "{1A57B9FD-F685-465F-9B97-594D4A8EF3ED}"
EndProject
Project("{2150E333-8FDC-42A3-9474-1A3956D46DE8}") = "3-Logic", "3-Logic", "{4351CAD6-5CE3-46F6-8DA5-BADB63944AAC}"
EndProject
Project("{2150E333-8FDC-42A3-9474-1A3956D46DE8}") = "4-Data", "4-Data", "{FA7D0D99-7624-44D0-880B-764EAEFF4371}"
EndProject
Project("{2150E333-8FDC-42A3-9474-1A3956D46DE8}") = "5-Tests", "5-Tests", "{66394C06-6A3E-468D-88F6-1B50B0920CE9}"
EndProject
Project("{FAE04EC0-301F-11D3-BF4B-00C04F79EFBC}") = "WeatherApi.Common", "WeatherApi.Common\WeatherApi.Common.csproj", "{3C6E6AE5-9F86-4C76-8D85-7E0CC51D5017}"
EndProject
Project("{FAE04EC0-301F-11D3-BF4B-00C04F79EFBC}") = "WeatherApi.Dto", "WeatherApi.Dto\WeatherApi.Dto.csproj", "{10453406-FD6E-410E-874D-D8126764C188}"
EndProject
Project("{FAE04EC0-301F-11D3-BF4B-00C04F79EFBC}") = "WeatherApi.OpenMeteo", "WeatherApi.OpenMeteo\WeatherApi.OpenMeteo.csproj", "{751946AC-FB18-4E10-B313-DF1776B4BBEA}"
EndProject
Project("{FAE04EC0-301F-11D3-BF4B-00C04F79EFBC}") = "WeatherApi.Services", "WeatherApi.Services\WeatherApi.Services.csproj", "{32382DF9-17AB-411D-AB12-94629606E62C}"
EndProject
Project("{FAE04EC0-301F-11D3-BF4B-00C04F79EFBC}") = "WeatherApi.Do", "WeatherApi.Do\WeatherApi.Do.csproj", "{C1FCB2F2-2C69-4E53-B247-974031C38624}"
EndProject
Project("{FAE04EC0-301F-11D3-BF4B-00C04F79EFBC}") = "WeatherApi.Repositories", "WeatherApi.Repositories\WeatherApi.Repositories.csproj", "{4EB3ADC1-C313-4F31-BD3A-A8F095D5CC9F}"
EndProject
Project("{FAE04EC0-301F-11D3-BF4B-00C04F79EFBC}") = "WeatherApi.Console", "WeatherApi.Console\WeatherApi.Console.csproj", "{AD47E271-B781-4FCB-A460-B972C15EC8AE}"
EndProject
Project("{FAE04EC0-301F-11D3-BF4B-00C04F79EFBC}") = "WeatherApi.Tests", "WeatherApi.Tests\WeatherApi.Tests.csproj", "{5FCA426C-0561-40D1-8B7C-20136CA31A35}"
EndProject
Global
	GlobalSection(SolutionConfigurationPlatforms) = preSolution
		Debug|Any CPU = Debug|Any CPU
		Release|Any CPU = Release|Any CPU
	EndGlobalSection
	GlobalSection(ProjectConfigurationPlatforms) = postSolution
		{11F2CB12-0C25-423A-AC59-14085F265747}.Debug|Any CPU.ActiveCfg = Debug|Any CPU
		{11F2CB12-0C25-423A-AC59-14085F265747}.Debug|Any CPU.Build.0 = Debug|Any CPU
		{11F2CB12-0C25-423A-AC59-14085F265747}.Release|Any CPU.ActiveCfg = Release|Any CPU
		{11F2CB12-0C25-423A-AC59-14085F265747}.Release|Any CPU.Build.0 = Release|Any CPU
		{3C6E6AE5-9F86-4C76-8D85-7E0CC51D5017}.Debug|Any CPU.ActiveCfg = Debug|Any CPU
		{3C6E6AE5-9F86-4C76-8D85-7E0CC51D5017}.Debug|Any CPU.Build.0 = Debug|Any CPU
		{3C6E6AE5-9F86-4C76-8D85-7E0CC51D5017}.Release|Any CPU.ActiveCfg = Release|Any CPU
		{3C6E6AE5-9F86-4C76-8D85-7E0CC51D5017}.Release|Any CPU.Build.0 = Release|Any CPU
		{10453406-FD6E-410E-874D-D8126764C188}.Debug|Any CPU.ActiveCfg = Debug|Any CPU
		{10453406-FD6E-410E-874D-D8126764C188}.Debug|Any CPU.Build.0 = Debug|Any CPU
		{10453406-FD6E-410E-874D-D8126764C188}.Release|Any CPU.ActiveCfg = Release|Any CPU
		{10453406-FD6E-410E-874D-D8126764C188}.Release|Any CPU.Build.0 = Release|Any CPU
		{751946AC-FB18-4E10-B313-DF1776B4BBEA}.Debug|Any CPU.ActiveCfg = Debug|Any CPU
		{751946AC-FB18-4E10-B313-DF1776B4BBEA}.Debug|Any CPU.Build.0 = Debug|Any CPU
		{751946AC-FB18-4E10-B313-DF1776B4BBEA}.Release|Any CPU.ActiveCfg = Release|Any CPU
		{751946AC-FB18-4E10-B313-DF1776B4BBEA}.Release|Any CPU.Build.0 = Release|Any CPU
		{32382DF9-17AB-411D-AB12-94629606E62C}.Debug|Any CPU.ActiveCfg = Debug|Any CPU
		{32382DF9-17AB-411D-AB12-94629606E62C}.Debug|Any CPU.Build.0 = Debug|Any CPU
		{32382DF9-17AB-411D-AB12-94629606E62C}.Release|Any CPU.ActiveCfg = Release|Any CPU
		{32382DF9-17AB-411D-AB12-94629606E62C}.Release|Any CPU.Build.0 = Release|Any CPU
		{C1FCB2F2-2C69-4E53-B247-974031C38624}.Debug|Any CPU.ActiveCfg = Debug|Any CPU
		{C1FCB2F2-2C69-4E53-B247-974031C38624}.Debug|Any CPU.Build.0 = Debug|Any CPU
		{C1FCB2F2-2C69-4E53-B247-974031C38624}.Release|Any CPU.ActiveCfg = Release|Any CPU
		{C1FCB2F2-2C69-4E53-B247-974031C38624}.Release|Any CPU.Build.0 = Release|Any CPU
		{4EB3ADC1-C313-4F31-BD3A-A8F095D5CC9F}.Debug|Any CPU.ActiveCfg = Debug|Any CPU
		{4EB3ADC1-C313-4F31-BD3A-A8F095D5CC9F}.Debug|Any CPU.Build.0 = Debug|Any CPU
		{4EB3ADC1-C313-4F31-BD3A-A8F095D5CC9F}.Release|Any CPU.ActiveCfg = Release|Any CPU
		{4EB3ADC1-C313-4F31-BD3A-A8F095D5CC9F}.Release|Any CPU.Build.0 = Release|Any CPU
		{AD47E271-B781-4FCB-A460-B972C15EC8AE}.Debug|Any CPU.ActiveCfg = Debug|Any CPU
		{AD47E271-B781-4FCB-A460-B972C15EC8AE}.Debug|Any CPU.Build.0 = Debug|Any CPU
		{AD47E271-B781-4FCB-A460-B972C15EC8AE}.Release|Any CPU.ActiveCfg = Release|Any CPU
		{AD47E271-B781-4FCB-A460-B972C15EC8AE}.Release|Any CPU.Build.0 = Release|Any CPU
		{5FCA426C-0561-40D1-8B7C-20136CA31A35}.Debug|Any CPU.ActiveCfg = Debug|Any CPU
		{5FCA426C-0561-40D1-8B7C-20136CA31A35}.Debug|Any CPU.Build.0 = Debug|Any CPU
		{5FCA426C-0561-40D1-8B7C-20136CA31A35}.Release|Any CPU.ActiveCfg = Release|Any CPU
		{5FCA426C-0561-40D1-8B7C-20136CA31A35}.Release|Any CPU.Build.0 = Release|Any CPU
	EndGlobalSection
	GlobalSection(NestedProjects) = preSolution
		{11F2CB12-0C25-423A-AC59-14085F265747} = {559B0B9C-109B-4B30-8FAA-F80C46D032FC}
		{3C6E6AE5-9F86-4C76-8D85-7E0CC51D5017} = {1A57B9FD-F685-465F-9B97-594D4A8EF3ED}
		{10453406-FD6E-410E-874D-D8126764C188} = {1A57B9FD-F685-465F-9B97-594D4A8EF3ED}
		{751946AC-FB18-4E10-B313-DF1776B4BBEA} = {1A57B9FD-F685-465F-9B97-594D4A8EF3ED}
		{32382DF9-17AB-411D-AB12-94629606E62C} = {4351CAD6-5CE3-46F6-8DA5-BADB63944AAC}
		{C1FCB2F2-2C69-4E53-B247-974031C38624} = {FA7D0D99-7624-44D0-880B-764EAEFF4371}
		{4EB3ADC1-C313-4F31-BD3A-A8F095D5CC9F} = {FA7D0D99-7624-44D0-880B-764EAEFF4371}
		{AD47E271-B781-4FCB-A460-B972C15EC8AE} = {66394C06-6A3E-468D-88F6-1B50B0920CE9}
		{5FCA426C-0561-40D1-8B7C-20136CA31A35} = {66394C06-6A3E-468D-88F6-1B50B0920CE9}
	EndGlobalSection
EndGlobal
